
Microsoft Visual Studio Solution File, Format Version 12.00
# Visual Studio Version 17
VisualStudioVersion = 17.11.35327.3
MinimumVisualStudioVersion = 10.0.40219.1
Project("{2150E333-8FDC-42A3-9474-1A3956D46DE8}") = "Task0", "Task0", "{9E2344A9-2928-4380-A9BF-9544DDC51CDE}"
EndProject
Project("{9A19103F-16F7-4668-BE54-9A1E7A4F7556}") = "Tyuiu.SanzyapovOD.Sprint3.Task0.V29", "Tyuiu.SanzyapovOD.Sprint3.Task0.V29\Tyuiu.SanzyapovOD.Sprint3.Task0.V29.csproj", "{38E36412-8F2E-44FA-A5CE-C3A2BACB70E6}"
EndProject
Project("{9A19103F-16F7-4668-BE54-9A1E7A4F7556}") = "Tyuiu.SanzyapovOD.Sprint3.Task0.V29.Lib", "Tyuiu.SanzyapovOD.Sprint3.Task0.V29.Lib\Tyuiu.SanzyapovOD.Sprint3.Task0.V29.Lib.csproj", "{491D9638-BDC2-4FDE-AA62-7123D24BAA71}"
EndProject
Project("{9A19103F-16F7-4668-BE54-9A1E7A4F7556}") = "Tyuiu.SanzyapovOD.Sprint3.Task0.V29.Test", "Tyuiu.SanzyapovOD.Sprint3.Task0.V29.Test\Tyuiu.SanzyapovOD.Sprint3.Task0.V29.Test.csproj", "{8275BACF-E1DC-4709-A34B-2ED88ED72CD4}"
EndProject
Project("{2150E333-8FDC-42A3-9474-1A3956D46DE8}") = "Task1", "Task1", "{2CC79EEB-B8A4-4CF2-AE8E-D08DE8BFD96A}"
EndProject
Project("{9A19103F-16F7-4668-BE54-9A1E7A4F7556}") = "Tyuiu.SanzyapovOD.Sprint3.Task1.V16", "Tyuiu.SanzyapovOD.Sprint3.Task1.V16\Tyuiu.SanzyapovOD.Sprint3.Task1.V16.csproj", "{8FFB3395-FD6A-42ED-BA22-8F81650246CF}"
EndProject
Project("{9A19103F-16F7-4668-BE54-9A1E7A4F7556}") = "Tyuiu.SanzyapovOD.Sprint3.Task1.V16.Lib", "Tyuiu.SanzyapovOD.Sprint3.Task1.V16.Lib\Tyuiu.SanzyapovOD.Sprint3.Task1.V16.Lib.csproj", "{CED7C56E-2B26-4002-B5B1-F2994548CB74}"
EndProject
Project("{9A19103F-16F7-4668-BE54-9A1E7A4F7556}") = "Tyuiu.SanzyapovOD.Sprint3.Task1.V16.Test", "Tyuiu.SanzyapovOD.Sprint3.Task1.V16.Test\Tyuiu.SanzyapovOD.Sprint3.Task1.V16.Test.csproj", "{C3E25225-786B-4C4D-8591-5FB1548097C8}"
EndProject
Project("{2150E333-8FDC-42A3-9474-1A3956D46DE8}") = "Task2", "Task2", "{021383A9-CEE7-492C-B3A7-5AD7580FDB89}"
EndProject
Project("{9A19103F-16F7-4668-BE54-9A1E7A4F7556}") = "Tyuiu.SanzyapovOD.Sprint3.Task2.V23", "Tyuiu.SanzyapovOD.Sprint3.Task2.V23\Tyuiu.SanzyapovOD.Sprint3.Task2.V23.csproj", "{2122ECB0-349A-4576-A50B-61F94F0E0CEB}"
EndProject
Project("{9A19103F-16F7-4668-BE54-9A1E7A4F7556}") = "Tyuiu.SanzyapovOD.Sprint3.Task2.V23.Lib", "Tyuiu.SanzyapovOD.Sprint3.Task2.V23.Lib\Tyuiu.SanzyapovOD.Sprint3.Task2.V23.Lib.csproj", "{B1D105D6-1405-4C8B-96E1-21A69C83F7E6}"
EndProject
Project("{9A19103F-16F7-4668-BE54-9A1E7A4F7556}") = "Tyuiu.SanzyapovOD.Sprint3.Task2.V23.Test", "Tyuiu.SanzyapovOD.Sprint3.Task2.V23.Test\Tyuiu.SanzyapovOD.Sprint3.Task2.V23.Test.csproj", "{2BEF601E-92CA-4B86-8173-BA722EEC0398}"
EndProject
Project("{2150E333-8FDC-42A3-9474-1A3956D46DE8}") = "Task3", "Task3", "{7F7961D4-E490-4065-A17B-907980CFD90B}"
EndProject
Project("{9A19103F-16F7-4668-BE54-9A1E7A4F7556}") = "Tyuiu.SanzyapovOD.Sprint3.Task3.V20", "Tyuiu.SanzyapovOD.Sprint3.Task3.V20\Tyuiu.SanzyapovOD.Sprint3.Task3.V20.csproj", "{1A82A7BA-220C-4715-B35E-26435FBF7966}"
EndProject
Project("{9A19103F-16F7-4668-BE54-9A1E7A4F7556}") = "Tyuiu.SanzyapovOD.Sprint3.Task3.V20.Lib", "Tyuiu.SanzyapovOD.Sprint3.Task3.V20.Lib\Tyuiu.SanzyapovOD.Sprint3.Task3.V20.Lib.csproj", "{3A8A5F38-D1A0-4794-BAAD-AC2C6B563175}"
EndProject
Project("{9A19103F-16F7-4668-BE54-9A1E7A4F7556}") = "Tyuiu.SanzyapovOD.Sprint3.Task3.V20.Test", "Tyuiu.SanzyapovOD.Sprint3.Task3.V20.Test\Tyuiu.SanzyapovOD.Sprint3.Task3.V20.Test.csproj", "{175AA3FE-3E46-43D1-9162-258A8D500DF3}"
EndProject
Project("{2150E333-8FDC-42A3-9474-1A3956D46DE8}") = "Task4", "Task4", "{90F9102E-A805-424C-A70E-B1865C218D59}"
EndProject
Project("{FAE04EC0-301F-11D3-BF4B-00C04F79EFBC}") = "Tyuiu.SanzyapovOD.Sprint3.Task4.V4", "Tyuiu.SanzyapovOD.Sprint3.Task4.V4\Tyuiu.SanzyapovOD.Sprint3.Task4.V4.csproj", "{3BE38D6D-7C5F-402F-870E-2CA80F54E4A1}"
EndProject
Project("{FAE04EC0-301F-11D3-BF4B-00C04F79EFBC}") = "Tyuiu.SanzyapovOD.Sprint3.Task4.V4.Lib", "Tyuiu.SanzyapovOD.Sprint3.Task4.V4.Lib\Tyuiu.SanzyapovOD.Sprint3.Task4.V4.Lib.csproj", "{F0945066-3891-411E-91A8-BEC731A83C08}"
EndProject
Project("{FAE04EC0-301F-11D3-BF4B-00C04F79EFBC}") = "Tyuiu.SanzyapovOD.Sprint3.Task4.V4.Test", "Tyuiu.SanzyapovOD.Sprint3.Task4.V4.Test\Tyuiu.SanzyapovOD.Sprint3.Task4.V4.Test.csproj", "{BDEE37BF-3516-4C92-AC0C-A878477A4B0B}"
EndProject
Global
	GlobalSection(SolutionConfigurationPlatforms) = preSolution
		Debug|Any CPU = Debug|Any CPU
		Release|Any CPU = Release|Any CPU
	EndGlobalSection
	GlobalSection(ProjectConfigurationPlatforms) = postSolution
		{38E36412-8F2E-44FA-A5CE-C3A2BACB70E6}.Debug|Any CPU.ActiveCfg = Debug|Any CPU
		{38E36412-8F2E-44FA-A5CE-C3A2BACB70E6}.Debug|Any CPU.Build.0 = Debug|Any CPU
		{38E36412-8F2E-44FA-A5CE-C3A2BACB70E6}.Release|Any CPU.ActiveCfg = Release|Any CPU
		{38E36412-8F2E-44FA-A5CE-C3A2BACB70E6}.Release|Any CPU.Build.0 = Release|Any CPU
		{491D9638-BDC2-4FDE-AA62-7123D24BAA71}.Debug|Any CPU.ActiveCfg = Debug|Any CPU
		{491D9638-BDC2-4FDE-AA62-7123D24BAA71}.Debug|Any CPU.Build.0 = Debug|Any CPU
		{491D9638-BDC2-4FDE-AA62-7123D24BAA71}.Release|Any CPU.ActiveCfg = Release|Any CPU
		{491D9638-BDC2-4FDE-AA62-7123D24BAA71}.Release|Any CPU.Build.0 = Release|Any CPU
		{8275BACF-E1DC-4709-A34B-2ED88ED72CD4}.Debug|Any CPU.ActiveCfg = Debug|Any CPU
		{8275BACF-E1DC-4709-A34B-2ED88ED72CD4}.Debug|Any CPU.Build.0 = Debug|Any CPU
		{8275BACF-E1DC-4709-A34B-2ED88ED72CD4}.Release|Any CPU.ActiveCfg = Release|Any CPU
		{8275BACF-E1DC-4709-A34B-2ED88ED72CD4}.Release|Any CPU.Build.0 = Release|Any CPU
		{8FFB3395-FD6A-42ED-BA22-8F81650246CF}.Debug|Any CPU.ActiveCfg = Debug|Any CPU
		{8FFB3395-FD6A-42ED-BA22-8F81650246CF}.Debug|Any CPU.Build.0 = Debug|Any CPU
		{8FFB3395-FD6A-42ED-BA22-8F81650246CF}.Release|Any CPU.ActiveCfg = Release|Any CPU
		{8FFB3395-FD6A-42ED-BA22-8F81650246CF}.Release|Any CPU.Build.0 = Release|Any CPU
		{CED7C56E-2B26-4002-B5B1-F2994548CB74}.Debug|Any CPU.ActiveCfg = Debug|Any CPU
		{CED7C56E-2B26-4002-B5B1-F2994548CB74}.Debug|Any CPU.Build.0 = Debug|Any CPU
		{CED7C56E-2B26-4002-B5B1-F2994548CB74}.Release|Any CPU.ActiveCfg = Release|Any CPU
		{CED7C56E-2B26-4002-B5B1-F2994548CB74}.Release|Any CPU.Build.0 = Release|Any CPU
		{C3E25225-786B-4C4D-8591-5FB1548097C8}.Debug|Any CPU.ActiveCfg = Debug|Any CPU
		{C3E25225-786B-4C4D-8591-5FB1548097C8}.Debug|Any CPU.Build.0 = Debug|Any CPU
		{C3E25225-786B-4C4D-8591-5FB1548097C8}.Release|Any CPU.ActiveCfg = Release|Any CPU
		{C3E25225-786B-4C4D-8591-5FB1548097C8}.Release|Any CPU.Build.0 = Release|Any CPU
		{2122ECB0-349A-4576-A50B-61F94F0E0CEB}.Debug|Any CPU.ActiveCfg = Debug|Any CPU
		{2122ECB0-349A-4576-A50B-61F94F0E0CEB}.Debug|Any CPU.Build.0 = Debug|Any CPU
		{2122ECB0-349A-4576-A50B-61F94F0E0CEB}.Release|Any CPU.ActiveCfg = Release|Any CPU
		{2122ECB0-349A-4576-A50B-61F94F0E0CEB}.Release|Any CPU.Build.0 = Release|Any CPU
		{B1D105D6-1405-4C8B-96E1-21A69C83F7E6}.Debug|Any CPU.ActiveCfg = Debug|Any CPU
		{B1D105D6-1405-4C8B-96E1-21A69C83F7E6}.Debug|Any CPU.Build.0 = Debug|Any CPU
		{B1D105D6-1405-4C8B-96E1-21A69C83F7E6}.Release|Any CPU.ActiveCfg = Release|Any CPU
		{B1D105D6-1405-4C8B-96E1-21A69C83F7E6}.Release|Any CPU.Build.0 = Release|Any CPU
		{2BEF601E-92CA-4B86-8173-BA722EEC0398}.Debug|Any CPU.ActiveCfg = Debug|Any CPU
		{2BEF601E-92CA-4B86-8173-BA722EEC0398}.Debug|Any CPU.Build.0 = Debug|Any CPU
		{2BEF601E-92CA-4B86-8173-BA722EEC0398}.Release|Any CPU.ActiveCfg = Release|Any CPU
		{2BEF601E-92CA-4B86-8173-BA722EEC0398}.Release|Any CPU.Build.0 = Release|Any CPU
		{1A82A7BA-220C-4715-B35E-26435FBF7966}.Debug|Any CPU.ActiveCfg = Debug|Any CPU
		{1A82A7BA-220C-4715-B35E-26435FBF7966}.Debug|Any CPU.Build.0 = Debug|Any CPU
		{1A82A7BA-220C-4715-B35E-26435FBF7966}.Release|Any CPU.ActiveCfg = Release|Any CPU
		{1A82A7BA-220C-4715-B35E-26435FBF7966}.Release|Any CPU.Build.0 = Release|Any CPU
		{3A8A5F38-D1A0-4794-BAAD-AC2C6B563175}.Debug|Any CPU.ActiveCfg = Debug|Any CPU
		{3A8A5F38-D1A0-4794-BAAD-AC2C6B563175}.Debug|Any CPU.Build.0 = Debug|Any CPU
		{3A8A5F38-D1A0-4794-BAAD-AC2C6B563175}.Release|Any CPU.ActiveCfg = Release|Any CPU
		{3A8A5F38-D1A0-4794-BAAD-AC2C6B563175}.Release|Any CPU.Build.0 = Release|Any CPU
		{175AA3FE-3E46-43D1-9162-258A8D500DF3}.Debug|Any CPU.ActiveCfg = Debug|Any CPU
		{175AA3FE-3E46-43D1-9162-258A8D500DF3}.Debug|Any CPU.Build.0 = Debug|Any CPU
		{175AA3FE-3E46-43D1-9162-258A8D500DF3}.Release|Any CPU.ActiveCfg = Release|Any CPU
		{175AA3FE-3E46-43D1-9162-258A8D500DF3}.Release|Any CPU.Build.0 = Release|Any CPU
		{3BE38D6D-7C5F-402F-870E-2CA80F54E4A1}.Debug|Any CPU.ActiveCfg = Debug|Any CPU
		{3BE38D6D-7C5F-402F-870E-2CA80F54E4A1}.Debug|Any CPU.Build.0 = Debug|Any CPU
		{3BE38D6D-7C5F-402F-870E-2CA80F54E4A1}.Release|Any CPU.ActiveCfg = Release|Any CPU
		{3BE38D6D-7C5F-402F-870E-2CA80F54E4A1}.Release|Any CPU.Build.0 = Release|Any CPU
		{F0945066-3891-411E-91A8-BEC731A83C08}.Debug|Any CPU.ActiveCfg = Debug|Any CPU
		{F0945066-3891-411E-91A8-BEC731A83C08}.Debug|Any CPU.Build.0 = Debug|Any CPU
		{F0945066-3891-411E-91A8-BEC731A83C08}.Release|Any CPU.ActiveCfg = Release|Any CPU
		{F0945066-3891-411E-91A8-BEC731A83C08}.Release|Any CPU.Build.0 = Release|Any CPU
		{BDEE37BF-3516-4C92-AC0C-A878477A4B0B}.Debug|Any CPU.ActiveCfg = Debug|Any CPU
		{BDEE37BF-3516-4C92-AC0C-A878477A4B0B}.Debug|Any CPU.Build.0 = Debug|Any CPU
		{BDEE37BF-3516-4C92-AC0C-A878477A4B0B}.Release|Any CPU.ActiveCfg = Release|Any CPU
		{BDEE37BF-3516-4C92-AC0C-A878477A4B0B}.Release|Any CPU.Build.0 = Release|Any CPU
	EndGlobalSection
	GlobalSection(SolutionProperties) = preSolution
		HideSolutionNode = FALSE
	EndGlobalSection
	GlobalSection(NestedProjects) = preSolution
		{38E36412-8F2E-44FA-A5CE-C3A2BACB70E6} = {9E2344A9-2928-4380-A9BF-9544DDC51CDE}
		{491D9638-BDC2-4FDE-AA62-7123D24BAA71} = {9E2344A9-2928-4380-A9BF-9544DDC51CDE}
		{8275BACF-E1DC-4709-A34B-2ED88ED72CD4} = {9E2344A9-2928-4380-A9BF-9544DDC51CDE}
		{8FFB3395-FD6A-42ED-BA22-8F81650246CF} = {2CC79EEB-B8A4-4CF2-AE8E-D08DE8BFD96A}
		{CED7C56E-2B26-4002-B5B1-F2994548CB74} = {2CC79EEB-B8A4-4CF2-AE8E-D08DE8BFD96A}
		{C3E25225-786B-4C4D-8591-5FB1548097C8} = {2CC79EEB-B8A4-4CF2-AE8E-D08DE8BFD96A}
		{2122ECB0-349A-4576-A50B-61F94F0E0CEB} = {021383A9-CEE7-492C-B3A7-5AD7580FDB89}
		{B1D105D6-1405-4C8B-96E1-21A69C83F7E6} = {021383A9-CEE7-492C-B3A7-5AD7580FDB89}
		{2BEF601E-92CA-4B86-8173-BA722EEC0398} = {021383A9-CEE7-492C-B3A7-5AD7580FDB89}
		{1A82A7BA-220C-4715-B35E-26435FBF7966} = {7F7961D4-E490-4065-A17B-907980CFD90B}
		{3A8A5F38-D1A0-4794-BAAD-AC2C6B563175} = {7F7961D4-E490-4065-A17B-907980CFD90B}
		{175AA3FE-3E46-43D1-9162-258A8D500DF3} = {7F7961D4-E490-4065-A17B-907980CFD90B}
		{3BE38D6D-7C5F-402F-870E-2CA80F54E4A1} = {90F9102E-A805-424C-A70E-B1865C218D59}
		{F0945066-3891-411E-91A8-BEC731A83C08} = {90F9102E-A805-424C-A70E-B1865C218D59}
		{BDEE37BF-3516-4C92-AC0C-A878477A4B0B} = {90F9102E-A805-424C-A70E-B1865C218D59}
	EndGlobalSection
	GlobalSection(ExtensibilityGlobals) = postSolution
		SolutionGuid = {C29FBF24-181B-4460-B6CB-4EA12D1176D4}
	EndGlobalSection
EndGlobal
